// !$*UTF8*$!
{
	archiveVersion = 1;
	classes = {
	};
	objectVersion = 56;
	objects = {

/* Begin PBXBuildFile section */
		55DA0FDC2A465B7400576023 /* AppDelegate.swift in Sources */ = {isa = PBXBuildFile; fileRef = 55DA0FDB2A465B7400576023 /* AppDelegate.swift */; };
		55DA0FDE2A465B7400576023 /* SceneDelegate.swift in Sources */ = {isa = PBXBuildFile; fileRef = 55DA0FDD2A465B7400576023 /* SceneDelegate.swift */; };
		55DA0FE02A465B7400576023 /* ViewController.swift in Sources */ = {isa = PBXBuildFile; fileRef = 55DA0FDF2A465B7400576023 /* ViewController.swift */; };
		55DA0FE32A465B7400576023 /* Main.storyboard in Resources */ = {isa = PBXBuildFile; fileRef = 55DA0FE12A465B7400576023 /* Main.storyboard */; };
		55DA0FE52A465B7600576023 /* Assets.xcassets in Resources */ = {isa = PBXBuildFile; fileRef = 55DA0FE42A465B7600576023 /* Assets.xcassets */; };
		55DA0FE82A465B7600576023 /* LaunchScreen.storyboard in Resources */ = {isa = PBXBuildFile; fileRef = 55DA0FE62A465B7600576023 /* LaunchScreen.storyboard */; };
		55DA0FF32A465B7600576023 /* MagicTravelTests.swift in Sources */ = {isa = PBXBuildFile; fileRef = 55DA0FF22A465B7600576023 /* MagicTravelTests.swift */; };
		55DA0FFD2A465B7600576023 /* MagicTravelUITests.swift in Sources */ = {isa = PBXBuildFile; fileRef = 55DA0FFC2A465B7600576023 /* MagicTravelUITests.swift */; };
		55DA0FFF2A465B7600576023 /* MagicTravelUITestsLaunchTests.swift in Sources */ = {isa = PBXBuildFile; fileRef = 55DA0FFE2A465B7600576023 /* MagicTravelUITestsLaunchTests.swift */; };
/* End PBXBuildFile section */

/* Begin PBXContainerItemProxy section */
		55DA0FEF2A465B7600576023 /* PBXContainerItemProxy */ = {
			isa = PBXContainerItemProxy;
			containerPortal = 55DA0FD02A465B7400576023 /* Project object */;
			proxyType = 1;
			remoteGlobalIDString = 55DA0FD72A465B7400576023;
			remoteInfo = MagicTravel;
		};
		55DA0FF92A465B7600576023 /* PBXContainerItemProxy */ = {
			isa = PBXContainerItemProxy;
			containerPortal = 55DA0FD02A465B7400576023 /* Project object */;
			proxyType = 1;
			remoteGlobalIDString = 55DA0FD72A465B7400576023;
			remoteInfo = MagicTravel;
		};
/* End PBXContainerItemProxy section */

/* Begin PBXFileReference section */
		55DA0FD82A465B7400576023 /* MagicTravel.app */ = {isa = PBXFileReference; explicitFileType = wrapper.application; includeInIndex = 0; path = MagicTravel.app; sourceTree = BUILT_PRODUCTS_DIR; };
		55DA0FDB2A465B7400576023 /* AppDelegate.swift */ = {isa = PBXFileReference; lastKnownFileType = sourcecode.swift; path = AppDelegate.swift; sourceTree = "<group>"; };
		55DA0FDD2A465B7400576023 /* SceneDelegate.swift */ = {isa = PBXFileReference; lastKnownFileType = sourcecode.swift; path = SceneDelegate.swift; sourceTree = "<group>"; };
		55DA0FDF2A465B7400576023 /* ViewController.swift */ = {isa = PBXFileReference; lastKnownFileType = sourcecode.swift; path = ViewController.swift; sourceTree = "<group>"; };
		55DA0FE22A465B7400576023 /* Base */ = {isa = PBXFileReference; lastKnownFileType = file.storyboard; name = Base; path = Base.lproj/Main.storyboard; sourceTree = "<group>"; };
		55DA0FE42A465B7600576023 /* Assets.xcassets */ = {isa = PBXFileReference; lastKnownFileType = folder.assetcatalog; path = Assets.xcassets; sourceTree = "<group>"; };
		55DA0FE72A465B7600576023 /* Base */ = {isa = PBXFileReference; lastKnownFileType = file.storyboard; name = Base; path = Base.lproj/LaunchScreen.storyboard; sourceTree = "<group>"; };
		55DA0FE92A465B7600576023 /* Info.plist */ = {isa = PBXFileReference; lastKnownFileType = text.plist.xml; path = Info.plist; sourceTree = "<group>"; };
		55DA0FEE2A465B7600576023 /* MagicTravelTests.xctest */ = {isa = PBXFileReference; explicitFileType = wrapper.cfbundle; includeInIndex = 0; path = MagicTravelTests.xctest; sourceTree = BUILT_PRODUCTS_DIR; };
		55DA0FF22A465B7600576023 /* MagicTravelTests.swift */ = {isa = PBXFileReference; lastKnownFileType = sourcecode.swift; path = MagicTravelTests.swift; sourceTree = "<group>"; };
		55DA0FF82A465B7600576023 /* MagicTravelUITests.xctest */ = {isa = PBXFileReference; explicitFileType = wrapper.cfbundle; includeInIndex = 0; path = MagicTravelUITests.xctest; sourceTree = BUILT_PRODUCTS_DIR; };
		55DA0FFC2A465B7600576023 /* MagicTravelUITests.swift */ = {isa = PBXFileReference; lastKnownFileType = sourcecode.swift; path = MagicTravelUITests.swift; sourceTree = "<group>"; };
		55DA0FFE2A465B7600576023 /* MagicTravelUITestsLaunchTests.swift */ = {isa = PBXFileReference; lastKnownFileType = sourcecode.swift; path = MagicTravelUITestsLaunchTests.swift; sourceTree = "<group>"; };
/* End PBXFileReference section */

/* Begin PBXFrameworksBuildPhase section */
		55DA0FD52A465B7400576023 /* Frameworks */ = {
			isa = PBXFrameworksBuildPhase;
			buildActionMask = 2147483647;
			files = (
			);
			runOnlyForDeploymentPostprocessing = 0;
		};
		55DA0FEB2A465B7600576023 /* Frameworks */ = {
			isa = PBXFrameworksBuildPhase;
			buildActionMask = 2147483647;
			files = (
			);
			runOnlyForDeploymentPostprocessing = 0;
		};
		55DA0FF52A465B7600576023 /* Frameworks */ = {
			isa = PBXFrameworksBuildPhase;
			buildActionMask = 2147483647;
			files = (
			);
			runOnlyForDeploymentPostprocessing = 0;
		};
/* End PBXFrameworksBuildPhase section */

/* Begin PBXGroup section */
		55DA0FCF2A465B7400576023 = {
			isa = PBXGroup;
			children = (
				55DA0FDA2A465B7400576023 /* MagicTravel */,
				55DA0FF12A465B7600576023 /* MagicTravelTests */,
				55DA0FFB2A465B7600576023 /* MagicTravelUITests */,
				55DA0FD92A465B7400576023 /* Products */,
			);
			sourceTree = "<group>";
		};
		55DA0FD92A465B7400576023 /* Products */ = {
			isa = PBXGroup;
			children = (
				55DA0FD82A465B7400576023 /* MagicTravel.app */,
				55DA0FEE2A465B7600576023 /* MagicTravelTests.xctest */,
				55DA0FF82A465B7600576023 /* MagicTravelUITests.xctest */,
			);
			name = Products;
			sourceTree = "<group>";
		};
		55DA0FDA2A465B7400576023 /* MagicTravel */ = {
			isa = PBXGroup;
			children = (
				55DA0FDB2A465B7400576023 /* AppDelegate.swift */,
				55DA0FDD2A465B7400576023 /* SceneDelegate.swift */,
				55DA0FDF2A465B7400576023 /* ViewController.swift */,
				55DA0FE12A465B7400576023 /* Main.storyboard */,
				55DA0FE42A465B7600576023 /* Assets.xcassets */,
				55DA0FE62A465B7600576023 /* LaunchScreen.storyboard */,
				55DA0FE92A465B7600576023 /* Info.plist */,
			);
			path = MagicTravel;
			sourceTree = "<group>";
		};
		55DA0FF12A465B7600576023 /* MagicTravelTests */ = {
			isa = PBXGroup;
			children = (
				55DA0FF22A465B7600576023 /* MagicTravelTests.swift */,
			);
			path = MagicTravelTests;
			sourceTree = "<group>";
		};
		55DA0FFB2A465B7600576023 /* MagicTravelUITests */ = {
			isa = PBXGroup;
			children = (
				55DA0FFC2A465B7600576023 /* MagicTravelUITests.swift */,
				55DA0FFE2A465B7600576023 /* MagicTravelUITestsLaunchTests.swift */,
			);
			path = MagicTravelUITests;
			sourceTree = "<group>";
		};
/* End PBXGroup section */

/* Begin PBXNativeTarget section */
		55DA0FD72A465B7400576023 /* MagicTravel */ = {
			isa = PBXNativeTarget;
			buildConfigurationList = 55DA10022A465B7600576023 /* Build configuration list for PBXNativeTarget "MagicTravel" */;
			buildPhases = (
				55DA0FD42A465B7400576023 /* Sources */,
				55DA0FD52A465B7400576023 /* Frameworks */,
				55DA0FD62A465B7400576023 /* Resources */,
			);
			buildRules = (
			);
			dependencies = (
			);
			name = MagicTravel;
			productName = MagicTravel;
			productReference = 55DA0FD82A465B7400576023 /* MagicTravel.app */;
			productType = "com.apple.product-type.application";
		};
		55DA0FED2A465B7600576023 /* MagicTravelTests */ = {
			isa = PBXNativeTarget;
			buildConfigurationList = 55DA10052A465B7600576023 /* Build configuration list for PBXNativeTarget "MagicTravelTests" */;
			buildPhases = (
				55DA0FEA2A465B7600576023 /* Sources */,
				55DA0FEB2A465B7600576023 /* Frameworks */,
				55DA0FEC2A465B7600576023 /* Resources */,
			);
			buildRules = (
			);
			dependencies = (
				55DA0FF02A465B7600576023 /* PBXTargetDependency */,
			);
			name = MagicTravelTests;
			productName = MagicTravelTests;
			productReference = 55DA0FEE2A465B7600576023 /* MagicTravelTests.xctest */;
			productType = "com.apple.product-type.bundle.unit-test";
		};
		55DA0FF72A465B7600576023 /* MagicTravelUITests */ = {
			isa = PBXNativeTarget;
			buildConfigurationList = 55DA10082A465B7600576023 /* Build configuration list for PBXNativeTarget "MagicTravelUITests" */;
			buildPhases = (
				55DA0FF42A465B7600576023 /* Sources */,
				55DA0FF52A465B7600576023 /* Frameworks */,
				55DA0FF62A465B7600576023 /* Resources */,
			);
			buildRules = (
			);
			dependencies = (
				55DA0FFA2A465B7600576023 /* PBXTargetDependency */,
			);
			name = MagicTravelUITests;
			productName = MagicTravelUITests;
			productReference = 55DA0FF82A465B7600576023 /* MagicTravelUITests.xctest */;
			productType = "com.apple.product-type.bundle.ui-testing";
		};
/* End PBXNativeTarget section */

/* Begin PBXProject section */
		55DA0FD02A465B7400576023 /* Project object */ = {
			isa = PBXProject;
			attributes = {
				BuildIndependentTargetsInParallel = 1;
				LastSwiftUpdateCheck = 1430;
				LastUpgradeCheck = 1430;
				TargetAttributes = {
					55DA0FD72A465B7400576023 = {
						CreatedOnToolsVersion = 14.3.1;
					};
					55DA0FED2A465B7600576023 = {
						CreatedOnToolsVersion = 14.3.1;
						TestTargetID = 55DA0FD72A465B7400576023;
					};
					55DA0FF72A465B7600576023 = {
						CreatedOnToolsVersion = 14.3.1;
						TestTargetID = 55DA0FD72A465B7400576023;
					};
				};
			};
			buildConfigurationList = 55DA0FD32A465B7400576023 /* Build configuration list for PBXProject "MagicTravel" */;
			compatibilityVersion = "Xcode 14.0";
			developmentRegion = en;
			hasScannedForEncodings = 0;
			knownRegions = (
				en,
				Base,
			);
			mainGroup = 55DA0FCF2A465B7400576023;
			productRefGroup = 55DA0FD92A465B7400576023 /* Products */;
			projectDirPath = "";
			projectRoot = "";
			targets = (
				55DA0FD72A465B7400576023 /* MagicTravel */,
				55DA0FED2A465B7600576023 /* MagicTravelTests */,
				55DA0FF72A465B7600576023 /* MagicTravelUITests */,
			);
		};
/* End PBXProject section */

/* Begin PBXResourcesBuildPhase section */
		55DA0FD62A465B7400576023 /* Resources */ = {
			isa = PBXResourcesBuildPhase;
			buildActionMask = 2147483647;
			files = (
				55DA0FE82A465B7600576023 /* LaunchScreen.storyboard in Resources */,
				55DA0FE52A465B7600576023 /* Assets.xcassets in Resources */,
				55DA0FE32A465B7400576023 /* Main.storyboard in Resources */,
			);
			runOnlyForDeploymentPostprocessing = 0;
		};
		55DA0FEC2A465B7600576023 /* Resources */ = {
			isa = PBXResourcesBuildPhase;
			buildActionMask = 2147483647;
			files = (
			);
			runOnlyForDeploymentPostprocessing = 0;
		};
		55DA0FF62A465B7600576023 /* Resources */ = {
			isa = PBXResourcesBuildPhase;
			buildActionMask = 2147483647;
			files = (
			);
			runOnlyForDeploymentPostprocessing = 0;
		};
/* End PBXResourcesBuildPhase section */

/* Begin PBXSourcesBuildPhase section */
		55DA0FD42A465B7400576023 /* Sources */ = {
			isa = PBXSourcesBuildPhase;
			buildActionMask = 2147483647;
			files = (
				55DA0FE02A465B7400576023 /* ViewController.swift in Sources */,
				55DA0FDC2A465B7400576023 /* AppDelegate.swift in Sources */,
				55DA0FDE2A465B7400576023 /* SceneDelegate.swift in Sources */,
			);
			runOnlyForDeploymentPostprocessing = 0;
		};
		55DA0FEA2A465B7600576023 /* Sources */ = {
			isa = PBXSourcesBuildPhase;
			buildActionMask = 2147483647;
			files = (
				55DA0FF32A465B7600576023 /* MagicTravelTests.swift in Sources */,
			);
			runOnlyForDeploymentPostprocessing = 0;
		};
		55DA0FF42A465B7600576023 /* Sources */ = {
			isa = PBXSourcesBuildPhase;
			buildActionMask = 2147483647;
			files = (
				55DA0FFF2A465B7600576023 /* MagicTravelUITestsLaunchTests.swift in Sources */,
				55DA0FFD2A465B7600576023 /* MagicTravelUITests.swift in Sources */,
			);
			runOnlyForDeploymentPostprocessing = 0;
		};
/* End PBXSourcesBuildPhase section */

/* Begin PBXTargetDependency section */
		55DA0FF02A465B7600576023 /* PBXTargetDependency */ = {
			isa = PBXTargetDependency;
			target = 55DA0FD72A465B7400576023 /* MagicTravel */;
			targetProxy = 55DA0FEF2A465B7600576023 /* PBXContainerItemProxy */;
		};
		55DA0FFA2A465B7600576023 /* PBXTargetDependency */ = {
			isa = PBXTargetDependency;
			target = 55DA0FD72A465B7400576023 /* MagicTravel */;
			targetProxy = 55DA0FF92A465B7600576023 /* PBXContainerItemProxy */;
		};
/* End PBXTargetDependency section */

/* Begin PBXVariantGroup section */
		55DA0FE12A465B7400576023 /* Main.storyboard */ = {
			isa = PBXVariantGroup;
			children = (
				55DA0FE22A465B7400576023 /* Base */,
			);
			name = Main.storyboard;
			sourceTree = "<group>";
		};
		55DA0FE62A465B7600576023 /* LaunchScreen.storyboard */ = {
			isa = PBXVariantGroup;
			children = (
				55DA0FE72A465B7600576023 /* Base */,
			);
			name = LaunchScreen.storyboard;
			sourceTree = "<group>";
		};
/* End PBXVariantGroup section */

/* Begin XCBuildConfiguration section */
		55DA10002A465B7600576023 /* Debug */ = {
			isa = XCBuildConfiguration;
			buildSettings = {
				ALWAYS_SEARCH_USER_PATHS = NO;
				CLANG_ANALYZER_NONNULL = YES;
				CLANG_ANALYZER_NUMBER_OBJECT_CONVERSION = YES_AGGRESSIVE;
				CLANG_CXX_LANGUAGE_STANDARD = "gnu++20";
				CLANG_ENABLE_MODULES = YES;
				CLANG_ENABLE_OBJC_ARC = YES;
				CLANG_ENABLE_OBJC_WEAK = YES;
				CLANG_WARN_BLOCK_CAPTURE_AUTORELEASING = YES;
				CLANG_WARN_BOOL_CONVERSION = YES;
				CLANG_WARN_COMMA = YES;
				CLANG_WARN_CONSTANT_CONVERSION = YES;
				CLANG_WARN_DEPRECATED_OBJC_IMPLEMENTATIONS = YES;
				CLANG_WARN_DIRECT_OBJC_ISA_USAGE = YES_ERROR;
				CLANG_WARN_DOCUMENTATION_COMMENTS = YES;
				CLANG_WARN_EMPTY_BODY = YES;
				CLANG_WARN_ENUM_CONVERSION = YES;
				CLANG_WARN_INFINITE_RECURSION = YES;
				CLANG_WARN_INT_CONVERSION = YES;
				CLANG_WARN_NON_LITERAL_NULL_CONVERSION = YES;
				CLANG_WARN_OBJC_IMPLICIT_RETAIN_SELF = YES;
				CLANG_WARN_OBJC_LITERAL_CONVERSION = YES;
				CLANG_WARN_OBJC_ROOT_CLASS = YES_ERROR;
				CLANG_WARN_QUOTED_INCLUDE_IN_FRAMEWORK_HEADER = YES;
				CLANG_WARN_RANGE_LOOP_ANALYSIS = YES;
				CLANG_WARN_STRICT_PROTOTYPES = YES;
				CLANG_WARN_SUSPICIOUS_MOVE = YES;
				CLANG_WARN_UNGUARDED_AVAILABILITY = YES_AGGRESSIVE;
				CLANG_WARN_UNREACHABLE_CODE = YES;
				CLANG_WARN__DUPLICATE_METHOD_MATCH = YES;
				COPY_PHASE_STRIP = NO;
				DEBUG_INFORMATION_FORMAT = dwarf;
				ENABLE_STRICT_OBJC_MSGSEND = YES;
				ENABLE_TESTABILITY = YES;
				GCC_C_LANGUAGE_STANDARD = gnu11;
				GCC_DYNAMIC_NO_PIC = NO;
				GCC_NO_COMMON_BLOCKS = YES;
				GCC_OPTIMIZATION_LEVEL = 0;
				GCC_PREPROCESSOR_DEFINITIONS = (
					"DEBUG=1",
					"$(inherited)",
				);
				GCC_WARN_64_TO_32_BIT_CONVERSION = YES;
				GCC_WARN_ABOUT_RETURN_TYPE = YES_ERROR;
				GCC_WARN_UNDECLARED_SELECTOR = YES;
				GCC_WARN_UNINITIALIZED_AUTOS = YES_AGGRESSIVE;
				GCC_WARN_UNUSED_FUNCTION = YES;
				GCC_WARN_UNUSED_VARIABLE = YES;
				IPHONEOS_DEPLOYMENT_TARGET = 16.4;
				MTL_ENABLE_DEBUG_INFO = INCLUDE_SOURCE;
				MTL_FAST_MATH = YES;
				ONLY_ACTIVE_ARCH = YES;
				SDKROOT = iphoneos;
				SWIFT_ACTIVE_COMPILATION_CONDITIONS = DEBUG;
				SWIFT_OPTIMIZATION_LEVEL = "-Onone";
			};
			name = Debug;
		};
		55DA10012A465B7600576023 /* Release */ = {
			isa = XCBuildConfiguration;
			buildSettings = {
				ALWAYS_SEARCH_USER_PATHS = NO;
				CLANG_ANALYZER_NONNULL = YES;
				CLANG_ANALYZER_NUMBER_OBJECT_CONVERSION = YES_AGGRESSIVE;
				CLANG_CXX_LANGUAGE_STANDARD = "gnu++20";
				CLANG_ENABLE_MODULES = YES;
				CLANG_ENABLE_OBJC_ARC = YES;
				CLANG_ENABLE_OBJC_WEAK = YES;
				CLANG_WARN_BLOCK_CAPTURE_AUTORELEASING = YES;
				CLANG_WARN_BOOL_CONVERSION = YES;
				CLANG_WARN_COMMA = YES;
				CLANG_WARN_CONSTANT_CONVERSION = YES;
				CLANG_WARN_DEPRECATED_OBJC_IMPLEMENTATIONS = YES;
				CLANG_WARN_DIRECT_OBJC_ISA_USAGE = YES_ERROR;
				CLANG_WARN_DOCUMENTATION_COMMENTS = YES;
				CLANG_WARN_EMPTY_BODY = YES;
				CLANG_WARN_ENUM_CONVERSION = YES;
				CLANG_WARN_INFINITE_RECURSION = YES;
				CLANG_WARN_INT_CONVERSION = YES;
				CLANG_WARN_NON_LITERAL_NULL_CONVERSION = YES;
				CLANG_WARN_OBJC_IMPLICIT_RETAIN_SELF = YES;
				CLANG_WARN_OBJC_LITERAL_CONVERSION = YES;
				CLANG_WARN_OBJC_ROOT_CLASS = YES_ERROR;
				CLANG_WARN_QUOTED_INCLUDE_IN_FRAMEWORK_HEADER = YES;
				CLANG_WARN_RANGE_LOOP_ANALYSIS = YES;
				CLANG_WARN_STRICT_PROTOTYPES = YES;
				CLANG_WARN_SUSPICIOUS_MOVE = YES;
				CLANG_WARN_UNGUARDED_AVAILABILITY = YES_AGGRESSIVE;
				CLANG_WARN_UNREACHABLE_CODE = YES;
				CLANG_WARN__DUPLICATE_METHOD_MATCH = YES;
				COPY_PHASE_STRIP = NO;
				DEBUG_INFORMATION_FORMAT = "dwarf-with-dsym";
				ENABLE_NS_ASSERTIONS = NO;
				ENABLE_STRICT_OBJC_MSGSEND = YES;
				GCC_C_LANGUAGE_STANDARD = gnu11;
				GCC_NO_COMMON_BLOCKS = YES;
				GCC_WARN_64_TO_32_BIT_CONVERSION = YES;
				GCC_WARN_ABOUT_RETURN_TYPE = YES_ERROR;
				GCC_WARN_UNDECLARED_SELECTOR = YES;
				GCC_WARN_UNINITIALIZED_AUTOS = YES_AGGRESSIVE;
				GCC_WARN_UNUSED_FUNCTION = YES;
				GCC_WARN_UNUSED_VARIABLE = YES;
				IPHONEOS_DEPLOYMENT_TARGET = 16.4;
				MTL_ENABLE_DEBUG_INFO = NO;
				MTL_FAST_MATH = YES;
				SDKROOT = iphoneos;
				SWIFT_COMPILATION_MODE = wholemodule;
				SWIFT_OPTIMIZATION_LEVEL = "-O";
				VALIDATE_PRODUCT = YES;
			};
			name = Release;
		};
		55DA10032A465B7600576023 /* Debug */ = {
			isa = XCBuildConfiguration;
			buildSettings = {
				ASSETCATALOG_COMPILER_APPICON_NAME = AppIcon;
				ASSETCATALOG_COMPILER_GLOBAL_ACCENT_COLOR_NAME = AccentColor;
				CODE_SIGN_STYLE = Automatic;
				CURRENT_PROJECT_VERSION = 1;
				DEVELOPMENT_TEAM = XP526KACV7;
				GENERATE_INFOPLIST_FILE = YES;
				INFOPLIST_FILE = MagicTravel/Info.plist;
				INFOPLIST_KEY_UIApplicationSupportsIndirectInputEvents = YES;
				INFOPLIST_KEY_UILaunchStoryboardName = LaunchScreen;
				INFOPLIST_KEY_UIMainStoryboardFile = Main;
				INFOPLIST_KEY_UISupportedInterfaceOrientations_iPad = "UIInterfaceOrientationPortrait UIInterfaceOrientationPortraitUpsideDown UIInterfaceOrientationLandscapeLeft UIInterfaceOrientationLandscapeRight";
				INFOPLIST_KEY_UISupportedInterfaceOrientations_iPhone = "UIInterfaceOrientationPortrait UIInterfaceOrientationLandscapeLeft UIInterfaceOrientationLandscapeRight";
				LD_RUNPATH_SEARCH_PATHS = (
					"$(inherited)",
					"@executable_path/Frameworks",
				);
				MARKETING_VERSION = 1.0;
				PRODUCT_BUNDLE_IDENTIFIER = xc.MagicTravel;
				PRODUCT_NAME = "$(TARGET_NAME)";
				SWIFT_EMIT_LOC_STRINGS = YES;
				SWIFT_VERSION = 5.0;
				TARGETED_DEVICE_FAMILY = "1,2";
			};
			name = Debug;
		};
		55DA10042A465B7600576023 /* Release */ = {
			isa = XCBuildConfiguration;
			buildSettings = {
				ASSETCATALOG_COMPILER_APPICON_NAME = AppIcon;
				ASSETCATALOG_COMPILER_GLOBAL_ACCENT_COLOR_NAME = AccentColor;
				CODE_SIGN_STYLE = Automatic;
				CURRENT_PROJECT_VERSION = 1;
				DEVELOPMENT_TEAM = XP526KACV7;
				GENERATE_INFOPLIST_FILE = YES;
				INFOPLIST_FILE = MagicTravel/Info.plist;
				INFOPLIST_KEY_UIApplicationSupportsIndirectInputEvents = YES;
				INFOPLIST_KEY_UILaunchStoryboardName = LaunchScreen;
				INFOPLIST_KEY_UIMainStoryboardFile = Main;
				INFOPLIST_KEY_UISupportedInterfaceOrientations_iPad = "UIInterfaceOrientationPortrait UIInterfaceOrientationPortraitUpsideDown UIInterfaceOrientationLandscapeLeft UIInterfaceOrientationLandscapeRight";
				INFOPLIST_KEY_UISupportedInterfaceOrientations_iPhone = "UIInterfaceOrientationPortrait UIInterfaceOrientationLandscapeLeft UIInterfaceOrientationLandscapeRight";
				LD_RUNPATH_SEARCH_PATHS = (
					"$(inherited)",
					"@executable_path/Frameworks",
				);
				MARKETING_VERSION = 1.0;
				PRODUCT_BUNDLE_IDENTIFIER = xc.MagicTravel;
				PRODUCT_NAME = "$(TARGET_NAME)";
				SWIFT_EMIT_LOC_STRINGS = YES;
				SWIFT_VERSION = 5.0;
				TARGETED_DEVICE_FAMILY = "1,2";
			};
			name = Release;
		};
		55DA10062A465B7600576023 /* Debug */ = {
			isa = XCBuildConfiguration;
			buildSettings = {
				ALWAYS_EMBED_SWIFT_STANDARD_LIBRARIES = YES;
				BUNDLE_LOADER = "$(TEST_HOST)";
				CODE_SIGN_STYLE = Automatic;
				CURRENT_PROJECT_VERSION = 1;
				DEVELOPMENT_TEAM = XP526KACV7;
				GENERATE_INFOPLIST_FILE = YES;
				IPHONEOS_DEPLOYMENT_TARGET = 16.4;
				MARKETING_VERSION = 1.0;
				PRODUCT_BUNDLE_IDENTIFIER = xc.MagicTravelTests;
				PRODUCT_NAME = "$(TARGET_NAME)";
				SWIFT_EMIT_LOC_STRINGS = NO;
				SWIFT_VERSION = 5.0;
				TARGETED_DEVICE_FAMILY = "1,2";
				TEST_HOST = "$(BUILT_PRODUCTS_DIR)/MagicTravel.app/$(BUNDLE_EXECUTABLE_FOLDER_PATH)/MagicTravel";
			};
			name = Debug;
		};
		55DA10072A465B7600576023 /* Release */ = {
			isa = XCBuildConfiguration;
			buildSettings = {
				ALWAYS_EMBED_SWIFT_STANDARD_LIBRARIES = YES;
				BUNDLE_LOADER = "$(TEST_HOST)";
				CODE_SIGN_STYLE = Automatic;
				CURRENT_PROJECT_VERSION = 1;
				DEVELOPMENT_TEAM = XP526KACV7;
				GENERATE_INFOPLIST_FILE = YES;
				IPHONEOS_DEPLOYMENT_TARGET = 16.4;
				MARKETING_VERSION = 1.0;
				PRODUCT_BUNDLE_IDENTIFIER = xc.MagicTravelTests;
				PRODUCT_NAME = "$(TARGET_NAME)";
				SWIFT_EMIT_LOC_STRINGS = NO;
				SWIFT_VERSION = 5.0;
				TARGETED_DEVICE_FAMILY = "1,2";
				TEST_HOST = "$(BUILT_PRODUCTS_DIR)/MagicTravel.app/$(BUNDLE_EXECUTABLE_FOLDER_PATH)/MagicTravel";
			};
			name = Release;
		};
		55DA10092A465B7600576023 /* Debug */ = {
			isa = XCBuildConfiguration;
			buildSettings = {
				ALWAYS_EMBED_SWIFT_STANDARD_LIBRARIES = YES;
				CODE_SIGN_STYLE = Automatic;
				CURRENT_PROJECT_VERSION = 1;
				DEVELOPMENT_TEAM = XP526KACV7;
				GENERATE_INFOPLIST_FILE = YES;
				MARKETING_VERSION = 1.0;
				PRODUCT_BUNDLE_IDENTIFIER = xc.MagicTravelUITests;
				PRODUCT_NAME = "$(TARGET_NAME)";
				SWIFT_EMIT_LOC_STRINGS = NO;
				SWIFT_VERSION = 5.0;
				TARGETED_DEVICE_FAMILY = "1,2";
				TEST_TARGET_NAME = MagicTravel;
			};
			name = Debug;
		};
		55DA100A2A465B7600576023 /* Release */ = {
			isa = XCBuildConfiguration;
			buildSettings = {
				ALWAYS_EMBED_SWIFT_STANDARD_LIBRARIES = YES;
				CODE_SIGN_STYLE = Automatic;
				CURRENT_PROJECT_VERSION = 1;
				DEVELOPMENT_TEAM = XP526KACV7;
				GENERATE_INFOPLIST_FILE = YES;
				MARKETING_VERSION = 1.0;
				PRODUCT_BUNDLE_IDENTIFIER = xc.MagicTravelUITests;
				PRODUCT_NAME = "$(TARGET_NAME)";
				SWIFT_EMIT_LOC_STRINGS = NO;
				SWIFT_VERSION = 5.0;
				TARGETED_DEVICE_FAMILY = "1,2";
				TEST_TARGET_NAME = MagicTravel;
			};
			name = Release;
		};
/* End XCBuildConfiguration section */

/* Begin XCConfigurationList section */
		55DA0FD32A465B7400576023 /* Build configuration list for PBXProject "MagicTravel" */ = {
			isa = XCConfigurationList;
			buildConfigurations = (
				55DA10002A465B7600576023 /* Debug */,
				55DA10012A465B7600576023 /* Release */,
			);
			defaultConfigurationIsVisible = 0;
			defaultConfigurationName = Release;
		};
		55DA10022A465B7600576023 /* Build configuration list for PBXNativeTarget "MagicTravel" */ = {
			isa = XCConfigurationList;
			buildConfigurations = (
				55DA10032A465B7600576023 /* Debug */,
				55DA10042A465B7600576023 /* Release */,
			);
			defaultConfigurationIsVisible = 0;
			defaultConfigurationName = Release;
		};
		55DA10052A465B7600576023 /* Build configuration list for PBXNativeTarget "MagicTravelTests" */ = {
			isa = XCConfigurationList;
			buildConfigurations = (
				55DA10062A465B7600576023 /* Debug */,
				55DA10072A465B7600576023 /* Release */,
			);
			defaultConfigurationIsVisible = 0;
			defaultConfigurationName = Release;
		};
		55DA10082A465B7600576023 /* Build configuration list for PBXNativeTarget "MagicTravelUITests" */ = {
			isa = XCConfigurationList;
			buildConfigurations = (
				55DA10092A465B7600576023 /* Debug */,
				55DA100A2A465B7600576023 /* Release */,
			);
			defaultConfigurationIsVisible = 0;
			defaultConfigurationName = Release;
		};
/* End XCConfigurationList section */
	};
	rootObject = 55DA0FD02A465B7400576023 /* Project object */;
}
